<?xml version="1.0" encoding="UTF-8" standalone="yes" ?>
<CodeBlocks_project_file>
	<FileVersion major="1" minor="6" />
	<Project>
		<Option title="BTL" />
		<Option pch_mode="2" />
		<Option compiler="gcc" />
		<Build>
			<Target title="Debug">
				<Option output="bin/Debug/BTL" prefix_auto="1" extension_auto="1" />
				<Option object_output="obj/Debug/" />
				<Option type="1" />
				<Option compiler="gcc" />
				<Compiler>
					<Add option="-g" />
				</Compiler>
			</Target>
			<Target title="Release">
				<Option output="bin/Release/BTL" prefix_auto="1" extension_auto="1" />
				<Option object_output="obj/Release/" />
				<Option type="1" />
				<Option compiler="gcc" />
				<Compiler>
					<Add option="-O2" />
				</Compiler>
				<Linker>
					<Add option="-s" />
				</Linker>
			</Target>
		</Build>
		<Compiler>
			<Add option="-Wall" />
		</Compiler>
		<Unit filename="SDL2.dll" />
		<Unit filename="SDL2_image.dll" />
		<Unit filename="SDL2_ttf.dll" />
		<Unit filename="SDL_text.cpp" />
		<Unit filename="SDL_text.h" />
		<Unit filename="SDL_utils.cpp" />
		<Unit filename="SDL_utils.h" />
		<Unit filename="common.h" />
		<Unit filename="fontText/Aller_It.ttf" />
		<Unit filename="libjpeg-9.dll" />
		<Unit filename="libpng16-16.dll" />
		<Unit filename="libtiff-5.dll" />
		<Unit filename="libwebp-7.dll" />
		<Unit filename="main.cpp" />
		<Unit filename="mainGame.cpp" />
		<Unit filename="mainGame.h" />
		<Unit filename="map/level1.txt" />
		<Unit filename="map/level2.txt" />
		<Unit filename="map/level3.txt" />
		<Unit filename="picture/background/background1.png" />
		<Unit filename="picture/background/background2.png" />
		<Unit filename="picture/background/background3.png" />
		<Unit filename="picture/icon/coin.jpg" />
		<Unit filename="picture/icon/deadPlat.jpg" />
		<Unit filename="picture/icon/tornado.jpg" />
		<Unit filename="picture/penguin/penguinFall.png" />
		<Unit filename="picture/penguin/penguinJump.png" />
		<Unit filename="picture/penguin/penguinNomal.png" />
		<Unit filename="picture/sign/signFail.png" />
		<Unit filename="picture/sign/signLevel1.png" />
		<Unit filename="picture/sign/signLevel2.png" />
		<Unit filename="picture/sign/signLevel3.png" />
		<Unit filename="picture/sign/signStart.png" />
		<Unit filename="picture/sign/signWin.png" />
		<Unit filename="ranking.txt" />
		<Unit filename="readme.txt" />
		<Unit filename="zlib1.dll" />
		<Extensions>
			<code_completion />
			<envvars />
			<debugger />
		</Extensions>
	</Project>
</CodeBlocks_project_file>
